
Microsoft Visual Studio Solution File, Format Version 12.00
# Visual Studio Version 16
VisualStudioVersion = 16.0.29806.167
MinimumVisualStudioVersion = 10.0.40219.1
Project("{9A19103F-16F7-4668-BE54-9A1E7A4F7556}") = "YggdrAshill.Nuadha.Specification", "YggdrAshill.Nuadha.Specification\YggdrAshill.Nuadha.Specification.csproj", "{0A170511-3AAC-4BEB-968E-D689D9CE2B90}"
EndProject
Project("{9A19103F-16F7-4668-BE54-9A1E7A4F7556}") = "YggdrAshill.Nuadha", "YggdrAshill.Nuadha\YggdrAshill.Nuadha.csproj", "{446A4D41-D98F-4C51-A8E4-7849FCE40986}"
EndProject
Project("{9A19103F-16F7-4668-BE54-9A1E7A4F7556}") = "Signalization", "Signalization\Signalization.csproj", "{30CACA80-0655-4B5C-9651-6C61A1EBCE51}"
EndProject
Project("{9A19103F-16F7-4668-BE54-9A1E7A4F7556}") = "Unitization", "Unitization\Unitization.csproj", "{E4DBF8B6-3412-4B5C-BC78-9A4DF38069A6}"
EndProject
Project("{9A19103F-16F7-4668-BE54-9A1E7A4F7556}") = "Signals", "Signals\Signals.csproj", "{CB003F86-90BC-4404-8773-F81FD2CB73DD}"
EndProject
Project("{9A19103F-16F7-4668-BE54-9A1E7A4F7556}") = "Units", "Units\Units.csproj", "{3DFAF22C-7A39-48B2-AC89-C39B65C79C09}"
EndProject
Project("{2150E333-8FDC-42A3-9474-1A3956D46DE8}") = "Solution Items", "Solution Items", "{F07AE3C0-2E3C-4B43-BDBD-941548BA4252}"
	ProjectSection(SolutionItems) = preProject
		.editorconfig = .editorconfig
	EndProjectSection
EndProject
Project("{9A19103F-16F7-4668-BE54-9A1E7A4F7556}") = "Transformation", "Transformation\Transformation.csproj", "{91239F86-00B7-4EAA-8428-C2C324CB2C02}"
EndProject
Project("{FAE04EC0-301F-11D3-BF4B-00C04F79EFBC}") = "YggdrAshill.Nuadha.Samples", "YggdrAshill.Nuadha.Samples\YggdrAshill.Nuadha.Samples.csproj", "{615B922B-7DF3-474F-8CB4-ED6EE737C5D0}"
EndProject
Global
	GlobalSection(SolutionConfigurationPlatforms) = preSolution
		Debug|Any CPU = Debug|Any CPU
		Release|Any CPU = Release|Any CPU
	EndGlobalSection
	GlobalSection(ProjectConfigurationPlatforms) = postSolution
		{0A170511-3AAC-4BEB-968E-D689D9CE2B90}.Debug|Any CPU.ActiveCfg = Debug|Any CPU
		{0A170511-3AAC-4BEB-968E-D689D9CE2B90}.Debug|Any CPU.Build.0 = Debug|Any CPU
		{0A170511-3AAC-4BEB-968E-D689D9CE2B90}.Release|Any CPU.ActiveCfg = Release|Any CPU
		{0A170511-3AAC-4BEB-968E-D689D9CE2B90}.Release|Any CPU.Build.0 = Release|Any CPU
		{446A4D41-D98F-4C51-A8E4-7849FCE40986}.Debug|Any CPU.ActiveCfg = Debug|Any CPU
		{446A4D41-D98F-4C51-A8E4-7849FCE40986}.Debug|Any CPU.Build.0 = Debug|Any CPU
		{446A4D41-D98F-4C51-A8E4-7849FCE40986}.Release|Any CPU.ActiveCfg = Release|Any CPU
		{446A4D41-D98F-4C51-A8E4-7849FCE40986}.Release|Any CPU.Build.0 = Release|Any CPU
		{30CACA80-0655-4B5C-9651-6C61A1EBCE51}.Debug|Any CPU.ActiveCfg = Debug|Any CPU
		{30CACA80-0655-4B5C-9651-6C61A1EBCE51}.Debug|Any CPU.Build.0 = Debug|Any CPU
		{30CACA80-0655-4B5C-9651-6C61A1EBCE51}.Release|Any CPU.ActiveCfg = Release|Any CPU
		{30CACA80-0655-4B5C-9651-6C61A1EBCE51}.Release|Any CPU.Build.0 = Release|Any CPU
		{E4DBF8B6-3412-4B5C-BC78-9A4DF38069A6}.Debug|Any CPU.ActiveCfg = Debug|Any CPU
		{E4DBF8B6-3412-4B5C-BC78-9A4DF38069A6}.Debug|Any CPU.Build.0 = Debug|Any CPU
		{E4DBF8B6-3412-4B5C-BC78-9A4DF38069A6}.Release|Any CPU.ActiveCfg = Release|Any CPU
		{E4DBF8B6-3412-4B5C-BC78-9A4DF38069A6}.Release|Any CPU.Build.0 = Release|Any CPU
		{CB003F86-90BC-4404-8773-F81FD2CB73DD}.Debug|Any CPU.ActiveCfg = Debug|Any CPU
		{CB003F86-90BC-4404-8773-F81FD2CB73DD}.Debug|Any CPU.Build.0 = Debug|Any CPU
		{CB003F86-90BC-4404-8773-F81FD2CB73DD}.Release|Any CPU.ActiveCfg = Release|Any CPU
		{CB003F86-90BC-4404-8773-F81FD2CB73DD}.Release|Any CPU.Build.0 = Release|Any CPU
		{3DFAF22C-7A39-48B2-AC89-C39B65C79C09}.Debug|Any CPU.ActiveCfg = Debug|Any CPU
		{3DFAF22C-7A39-48B2-AC89-C39B65C79C09}.Debug|Any CPU.Build.0 = Debug|Any CPU
		{3DFAF22C-7A39-48B2-AC89-C39B65C79C09}.Release|Any CPU.ActiveCfg = Release|Any CPU
		{3DFAF22C-7A39-48B2-AC89-C39B65C79C09}.Release|Any CPU.Build.0 = Release|Any CPU
		{91239F86-00B7-4EAA-8428-C2C324CB2C02}.Debug|Any CPU.ActiveCfg = Debug|Any CPU
		{91239F86-00B7-4EAA-8428-C2C324CB2C02}.Debug|Any CPU.Build.0 = Debug|Any CPU
		{91239F86-00B7-4EAA-8428-C2C324CB2C02}.Release|Any CPU.ActiveCfg = Release|Any CPU
		{91239F86-00B7-4EAA-8428-C2C324CB2C02}.Release|Any CPU.Build.0 = Release|Any CPU
		{615B922B-7DF3-474F-8CB4-ED6EE737C5D0}.Debug|Any CPU.ActiveCfg = Debug|Any CPU
		{615B922B-7DF3-474F-8CB4-ED6EE737C5D0}.Debug|Any CPU.Build.0 = Debug|Any CPU
		{615B922B-7DF3-474F-8CB4-ED6EE737C5D0}.Release|Any CPU.ActiveCfg = Release|Any CPU
		{615B922B-7DF3-474F-8CB4-ED6EE737C5D0}.Release|Any CPU.Build.0 = Release|Any CPU
	EndGlobalSection
	GlobalSection(SolutionProperties) = preSolution
		HideSolutionNode = FALSE
	EndGlobalSection
	GlobalSection(ExtensibilityGlobals) = postSolution
		SolutionGuid = {15270C26-7210-43A6-AD16-E464523B6F64}
	EndGlobalSection
EndGlobal
